
Microsoft Visual Studio Solution File, Format Version 12.00
# Visual Studio Version 16
VisualStudioVersion = 16.0.29230.47
MinimumVisualStudioVersion = 10.0.40219.1
Project("{FAE04EC0-301F-11D3-BF4B-00C04F79EFBC}") = "WindowsFormsApp2", "WindowsFormsApp2.csproj", "{1603279A-DF1D-4EB6-BAE2-B995D68AF156}"
EndProject
Global
	GlobalSection(SolutionConfigurationPlatforms) = preSolution
		Debug|Any CPU = Debug|Any CPU
		Release|Any CPU = Release|Any CPU
	EndGlobalSection
	GlobalSection(ProjectConfigurationPlatforms) = postSolution
		{1603279A-DF1D-4EB6-BAE2-B995D68AF156}.Debug|Any CPU.ActiveCfg = Debug|Any CPU
		{1603279A-DF1D-4EB6-BAE2-B995D68AF156}.Debug|Any CPU.Build.0 = Debug|Any CPU
		{1603279A-DF1D-4EB6-BAE2-B995D68AF156}.Release|Any CPU.ActiveCfg = Release|Any CPU
		{1603279A-DF1D-4EB6-BAE2-B995D68AF156}.Release|Any CPU.Build.0 = Release|Any CPU
	EndGlobalSection
	GlobalSection(SolutionProperties) = preSolution
		HideSolutionNode = FALSE
	EndGlobalSection
	GlobalSection(ExtensibilityGlobals) = postSolution
		SolutionGuid = {5A119DD0-4965-4B61-9A67-C0B0FA90DEA0}
	EndGlobalSection
EndGlobal
